
Microsoft Visual Studio Solution File, Format Version 12.00
# Visual Studio Version 16
VisualStudioVersion = 16.0.33801.447
MinimumVisualStudioVersion = 10.0.40219.1
Project("{9A19103F-16F7-4668-BE54-9A1E7A4F7556}") = "ProyectoBase", "ProyectoBase\ProyectoBase.csproj", "{0FED6CAE-8737-4C8C-A2D2-8D7C4533CF57}"
EndProject
Project("{9A19103F-16F7-4668-BE54-9A1E7A4F7556}") = "ProyectoBase.Datos", "ProyectoBase.Datos\ProyectoBase.Datos.csproj", "{E9D1687E-EECC-4037-A574-E6D02537A19B}"
EndProject
Project("{9A19103F-16F7-4668-BE54-9A1E7A4F7556}") = "ProyectoBase.Logica", "ProyectoBase.Logica\ProyectoBase.Logica.csproj", "{A33DC513-C649-4109-A837-CC57CAA960E6}"
EndProject
Project("{9A19103F-16F7-4668-BE54-9A1E7A4F7556}") = "ProyectoBase.Entidades", "ProyectoBase.Entidades\ProyectoBase.Entidades.csproj", "{C5E9A3E8-5B25-4DF1-B46F-498A19EDB107}"
EndProject
Global
	GlobalSection(SolutionConfigurationPlatforms) = preSolution
		Debug|Any CPU = Debug|Any CPU
		Release|Any CPU = Release|Any CPU
	EndGlobalSection
	GlobalSection(ProjectConfigurationPlatforms) = postSolution
		{0FED6CAE-8737-4C8C-A2D2-8D7C4533CF57}.Debug|Any CPU.ActiveCfg = Debug|Any CPU
		{0FED6CAE-8737-4C8C-A2D2-8D7C4533CF57}.Debug|Any CPU.Build.0 = Debug|Any CPU
		{0FED6CAE-8737-4C8C-A2D2-8D7C4533CF57}.Release|Any CPU.ActiveCfg = Release|Any CPU
		{0FED6CAE-8737-4C8C-A2D2-8D7C4533CF57}.Release|Any CPU.Build.0 = Release|Any CPU
		{E9D1687E-EECC-4037-A574-E6D02537A19B}.Debug|Any CPU.ActiveCfg = Debug|Any CPU
		{E9D1687E-EECC-4037-A574-E6D02537A19B}.Debug|Any CPU.Build.0 = Debug|Any CPU
		{E9D1687E-EECC-4037-A574-E6D02537A19B}.Release|Any CPU.ActiveCfg = Release|Any CPU
		{E9D1687E-EECC-4037-A574-E6D02537A19B}.Release|Any CPU.Build.0 = Release|Any CPU
		{A33DC513-C649-4109-A837-CC57CAA960E6}.Debug|Any CPU.ActiveCfg = Debug|Any CPU
		{A33DC513-C649-4109-A837-CC57CAA960E6}.Debug|Any CPU.Build.0 = Debug|Any CPU
		{A33DC513-C649-4109-A837-CC57CAA960E6}.Release|Any CPU.ActiveCfg = Release|Any CPU
		{A33DC513-C649-4109-A837-CC57CAA960E6}.Release|Any CPU.Build.0 = Release|Any CPU
		{C5E9A3E8-5B25-4DF1-B46F-498A19EDB107}.Debug|Any CPU.ActiveCfg = Debug|Any CPU
		{C5E9A3E8-5B25-4DF1-B46F-498A19EDB107}.Debug|Any CPU.Build.0 = Debug|Any CPU
		{C5E9A3E8-5B25-4DF1-B46F-498A19EDB107}.Release|Any CPU.ActiveCfg = Release|Any CPU
		{C5E9A3E8-5B25-4DF1-B46F-498A19EDB107}.Release|Any CPU.Build.0 = Release|Any CPU
	EndGlobalSection
	GlobalSection(SolutionProperties) = preSolution
		HideSolutionNode = FALSE
	EndGlobalSection
	GlobalSection(ExtensibilityGlobals) = postSolution
		SolutionGuid = {13103755-E71A-43C7-BBD2-9D829A94FAE6}
	EndGlobalSection
EndGlobal
